
Microsoft Visual Studio Solution File, Format Version 12.00
# Visual Studio Version 16
VisualStudioVersion = 16.0.32901.82
MinimumVisualStudioVersion = 10.0.40219.1
Project("{FAE04EC0-301F-11D3-BF4B-00C04F79EFBC}") = "Tema2-Imagen", "Tema2-Imagen\Tema2-Imagen.csproj", "{044B8ED5-72B8-478A-85D4-A58DB11FE8F6}"
EndProject
Global
	GlobalSection(SolutionConfigurationPlatforms) = preSolution
		Debug|Any CPU = Debug|Any CPU
		Release|Any CPU = Release|Any CPU
	EndGlobalSection
	GlobalSection(ProjectConfigurationPlatforms) = postSolution
		{044B8ED5-72B8-478A-85D4-A58DB11FE8F6}.Debug|Any CPU.ActiveCfg = Debug|Any CPU
		{044B8ED5-72B8-478A-85D4-A58DB11FE8F6}.Debug|Any CPU.Build.0 = Debug|Any CPU
		{044B8ED5-72B8-478A-85D4-A58DB11FE8F6}.Release|Any CPU.ActiveCfg = Release|Any CPU
		{044B8ED5-72B8-478A-85D4-A58DB11FE8F6}.Release|Any CPU.Build.0 = Release|Any CPU
	EndGlobalSection
	GlobalSection(SolutionProperties) = preSolution
		HideSolutionNode = FALSE
	EndGlobalSection
	GlobalSection(ExtensibilityGlobals) = postSolution
		SolutionGuid = {90792656-0F35-4B8B-9E13-E2745158A0F2}
	EndGlobalSection
EndGlobal
